
Microsoft Visual Studio Solution File, Format Version 12.00
# Visual Studio Version 17
VisualStudioVersion = 17.4.33205.214
MinimumVisualStudioVersion = 10.0.40219.1
Project("{FAE04EC0-301F-11D3-BF4B-00C04F79EFBC}") = "Integer1", "Integer1\Integer1.csproj", "{B1B04D13-8CF0-44F3-9F79-0C8D125A2D74}"
EndProject
Global
	GlobalSection(SolutionConfigurationPlatforms) = preSolution
		Debug|Any CPU = Debug|Any CPU
		Release|Any CPU = Release|Any CPU
	EndGlobalSection
	GlobalSection(ProjectConfigurationPlatforms) = postSolution
		{B1B04D13-8CF0-44F3-9F79-0C8D125A2D74}.Debug|Any CPU.ActiveCfg = Debug|Any CPU
		{B1B04D13-8CF0-44F3-9F79-0C8D125A2D74}.Debug|Any CPU.Build.0 = Debug|Any CPU
		{B1B04D13-8CF0-44F3-9F79-0C8D125A2D74}.Release|Any CPU.ActiveCfg = Release|Any CPU
		{B1B04D13-8CF0-44F3-9F79-0C8D125A2D74}.Release|Any CPU.Build.0 = Release|Any CPU
	EndGlobalSection
	GlobalSection(SolutionProperties) = preSolution
		HideSolutionNode = FALSE
	EndGlobalSection
	GlobalSection(ExtensibilityGlobals) = postSolution
		SolutionGuid = {E5790BD5-71B3-4223-A81C-EB3C295050C7}
	EndGlobalSection
EndGlobal
